// !$*UTF8*$!
{
	archiveVersion = 1;
	classes = {
	};
	objectVersion = 51;
	objects = {

/* Begin PBXBuildFile section */
		4830D17EEE3D41D3A5CB2C03 /* Pods_DailyNews.framework in Frameworks */ = {isa = PBXBuildFile; fileRef = 472779F026EDD3F56B83FEDC /* Pods_DailyNews.framework */; };
		790D99C525F0988200EF3DE8 /* ExpandedSources.swift in Sources */ = {isa = PBXBuildFile; fileRef = 790D99C425F0988200EF3DE8 /* ExpandedSources.swift */; };
		790D99C825F098A100EF3DE8 /* SourcesPresentation.swift in Sources */ = {isa = PBXBuildFile; fileRef = 790D99C725F098A100EF3DE8 /* SourcesPresentation.swift */; };
		790D99CB25F098CD00EF3DE8 /* TopHeadlinePresentation.swift in Sources */ = {isa = PBXBuildFile; fileRef = 790D99CA25F098CD00EF3DE8 /* TopHeadlinePresentation.swift */; };
		790D99CE25F0995100EF3DE8 /* BaseListController.swift in Sources */ = {isa = PBXBuildFile; fileRef = 790D99CD25F0995100EF3DE8 /* BaseListController.swift */; };
		790D99D125F0996A00EF3DE8 /* Date+Ext.swift in Sources */ = {isa = PBXBuildFile; fileRef = 790D99D025F0996A00EF3DE8 /* Date+Ext.swift */; };
		790D99D925F099AF00EF3DE8 /* Extensions.swift in Sources */ = {isa = PBXBuildFile; fileRef = 790D99D825F099AF00EF3DE8 /* Extensions.swift */; };
		790D99DC25F099C900EF3DE8 /* Protocols.swift in Sources */ = {isa = PBXBuildFile; fileRef = 790D99DB25F099C900EF3DE8 /* Protocols.swift */; };
		790D99DF25F099DF00EF3DE8 /* RxHelper.swift in Sources */ = {isa = PBXBuildFile; fileRef = 790D99DE25F099DF00EF3DE8 /* RxHelper.swift */; };
		790D99E225F099F800EF3DE8 /* String + Ext.swift in Sources */ = {isa = PBXBuildFile; fileRef = 790D99E125F099F800EF3DE8 /* String + Ext.swift */; };
		790D99E525F09A0E00EF3DE8 /* UIHelper.swift in Sources */ = {isa = PBXBuildFile; fileRef = 790D99E425F09A0E00EF3DE8 /* UIHelper.swift */; };
		790D99E925F09A7F00EF3DE8 /* NewsService.swift in Sources */ = {isa = PBXBuildFile; fileRef = 790D99E825F09A7F00EF3DE8 /* NewsService.swift */; };
		790D99F725F09C7B00EF3DE8 /* CategoriesViewController.swift in Sources */ = {isa = PBXBuildFile; fileRef = 790D99F625F09C7B00EF3DE8 /* CategoriesViewController.swift */; };
		790D99FC25F09CAB00EF3DE8 /* SectionPageHeader.swift in Sources */ = {isa = PBXBuildFile; fileRef = 790D99FB25F09CAB00EF3DE8 /* SectionPageHeader.swift */; };
		790D9A0025F09CD200EF3DE8 /* SectionHeaderViewModel.swift in Sources */ = {isa = PBXBuildFile; fileRef = 790D99FF25F09CD200EF3DE8 /* SectionHeaderViewModel.swift */; };
		790D9A0325F09D9000EF3DE8 /* SectionHeaderController.swift in Sources */ = {isa = PBXBuildFile; fileRef = 790D9A0225F09D9000EF3DE8 /* SectionHeaderController.swift */; };
		790D9A0625F09DA900EF3DE8 /* SectionHeaderCell.swift in Sources */ = {isa = PBXBuildFile; fileRef = 790D9A0525F09DA900EF3DE8 /* SectionHeaderCell.swift */; };
		790D9A0A25F09DD200EF3DE8 /* SectionsViewModel.swift in Sources */ = {isa = PBXBuildFile; fileRef = 790D9A0925F09DD200EF3DE8 /* SectionsViewModel.swift */; };
		790D9A1525F09E2B00EF3DE8 /* BusinessCategoryController.swift in Sources */ = {isa = PBXBuildFile; fileRef = 790D9A1425F09E2B00EF3DE8 /* BusinessCategoryController.swift */; };
		790D9A1925F09E6100EF3DE8 /* EntertainmentCategoryController.swift in Sources */ = {isa = PBXBuildFile; fileRef = 790D9A1825F09E6100EF3DE8 /* EntertainmentCategoryController.swift */; };
		790D9A1D25F09E8300EF3DE8 /* FeaturedCategoryController.swift in Sources */ = {isa = PBXBuildFile; fileRef = 790D9A1C25F09E8300EF3DE8 /* FeaturedCategoryController.swift */; };
		790D9A2125F09E9D00EF3DE8 /* HealthCategoryController.swift in Sources */ = {isa = PBXBuildFile; fileRef = 790D9A2025F09E9D00EF3DE8 /* HealthCategoryController.swift */; };
		790D9A2425F09EBD00EF3DE8 /* ScienceCategoryController.swift in Sources */ = {isa = PBXBuildFile; fileRef = 790D9A2325F09EBD00EF3DE8 /* ScienceCategoryController.swift */; };
		790D9A2725F09ED200EF3DE8 /* SportsCategoryController.swift in Sources */ = {isa = PBXBuildFile; fileRef = 790D9A2625F09ED200EF3DE8 /* SportsCategoryController.swift */; };
		790D9A2A25F09EEB00EF3DE8 /* TechnologyCategoryController.swift in Sources */ = {isa = PBXBuildFile; fileRef = 790D9A2925F09EEB00EF3DE8 /* TechnologyCategoryController.swift */; };
		790D9A2F25F09F2C00EF3DE8 /* CategoriesCell.swift in Sources */ = {isa = PBXBuildFile; fileRef = 790D9A2E25F09F2C00EF3DE8 /* CategoriesCell.swift */; };
		790D9A3325F09F3D00EF3DE8 /* SectionsCell.swift in Sources */ = {isa = PBXBuildFile; fileRef = 790D9A3225F09F3D00EF3DE8 /* SectionsCell.swift */; };
		790D9A3825F0A00100EF3DE8 /* NewsViewController.swift in Sources */ = {isa = PBXBuildFile; fileRef = 790D9A3725F0A00100EF3DE8 /* NewsViewController.swift */; };
		790D9A3C25F0A05C00EF3DE8 /* NewsViewModel.swift in Sources */ = {isa = PBXBuildFile; fileRef = 790D9A3B25F0A05C00EF3DE8 /* NewsViewModel.swift */; };
		794BF4F325EFFA2400A226C3 /* Constants.swift in Sources */ = {isa = PBXBuildFile; fileRef = 794BF4F225EFFA2400A226C3 /* Constants.swift */; };
		794BF4F725EFFA6800A226C3 /* NetworkResponse.swift in Sources */ = {isa = PBXBuildFile; fileRef = 794BF4F625EFFA6800A226C3 /* NetworkResponse.swift */; };
		794BF4FB25EFFA9200A226C3 /* EndpointSource.swift in Sources */ = {isa = PBXBuildFile; fileRef = 794BF4FA25EFFA9200A226C3 /* EndpointSource.swift */; };
		794BF4FE25EFFAB400A226C3 /* HttpMethod.swift in Sources */ = {isa = PBXBuildFile; fileRef = 794BF4FD25EFFAB400A226C3 /* HttpMethod.swift */; };
		794BF50125EFFB8200A226C3 /* NewsApi.swift in Sources */ = {isa = PBXBuildFile; fileRef = 794BF50025EFFB8200A226C3 /* NewsApi.swift */; };
		794BF50625EFFBEC00A226C3 /* THRequest.swift in Sources */ = {isa = PBXBuildFile; fileRef = 794BF50525EFFBEC00A226C3 /* THRequest.swift */; };
		794BF50925EFFC0800A226C3 /* SRequest.swift in Sources */ = {isa = PBXBuildFile; fileRef = 794BF50825EFFC0800A226C3 /* SRequest.swift */; };
		794BF50C25EFFC2500A226C3 /* ERequest.swift in Sources */ = {isa = PBXBuildFile; fileRef = 794BF50B25EFFC2500A226C3 /* ERequest.swift */; };
		794BF51125EFFCD000A226C3 /* Sources.swift in Sources */ = {isa = PBXBuildFile; fileRef = 794BF51025EFFCD000A226C3 /* Sources.swift */; };
		794BF51425EFFD4800A226C3 /* SourcesModel.swift in Sources */ = {isa = PBXBuildFile; fileRef = 794BF51325EFFD4800A226C3 /* SourcesModel.swift */; };
		79B4992425F0A27E0024F1B7 /* NewsHeaderCell.swift in Sources */ = {isa = PBXBuildFile; fileRef = 79B4992325F0A27E0024F1B7 /* NewsHeaderCell.swift */; };
		79B4992925F0A28F0024F1B7 /* NewsHeaderViewModel.swift in Sources */ = {isa = PBXBuildFile; fileRef = 79B4992825F0A28F0024F1B7 /* NewsHeaderViewModel.swift */; };
		79B4992D25F0A29B0024F1B7 /* NewsHeaderController.swift in Sources */ = {isa = PBXBuildFile; fileRef = 79B4992C25F0A29B0024F1B7 /* NewsHeaderController.swift */; };
		79B4993025F0A2A70024F1B7 /* NewsPageHeader.swift in Sources */ = {isa = PBXBuildFile; fileRef = 79B4992F25F0A2A70024F1B7 /* NewsPageHeader.swift */; };
		79B4993425F0A2F20024F1B7 /* NewsCell.swift in Sources */ = {isa = PBXBuildFile; fileRef = 79B4993325F0A2F20024F1B7 /* NewsCell.swift */; };
		79B4993925F0A32C0024F1B7 /* SearchNewsController.swift in Sources */ = {isa = PBXBuildFile; fileRef = 79B4993825F0A32C0024F1B7 /* SearchNewsController.swift */; };
		79B4993D25F0A3440024F1B7 /* SearchNewsViewModel.swift in Sources */ = {isa = PBXBuildFile; fileRef = 79B4993C25F0A3440024F1B7 /* SearchNewsViewModel.swift */; };
		79B4994125F0A37C0024F1B7 /* SearchCell.swift in Sources */ = {isa = PBXBuildFile; fileRef = 79B4994025F0A37C0024F1B7 /* SearchCell.swift */; };
		79B4994725F0A3B50024F1B7 /* ContainerController.swift in Sources */ = {isa = PBXBuildFile; fileRef = 79B4994625F0A3B50024F1B7 /* ContainerController.swift */; };
		79B4994B25F0A3CC0024F1B7 /* SideMenuNewsViewController.swift in Sources */ = {isa = PBXBuildFile; fileRef = 79B4994A25F0A3CC0024F1B7 /* SideMenuNewsViewController.swift */; };
		79B4994E25F0A3E40024F1B7 /* SideMenuNewsViewModel.swift in Sources */ = {isa = PBXBuildFile; fileRef = 79B4994D25F0A3E40024F1B7 /* SideMenuNewsViewModel.swift */; };
		79B4995125F0A3FA0024F1B7 /* TabBarController.swift in Sources */ = {isa = PBXBuildFile; fileRef = 79B4995025F0A3FA0024F1B7 /* TabBarController.swift */; };
		79B4995525F0A4180024F1B7 /* ExpandableCellDataSource.swift in Sources */ = {isa = PBXBuildFile; fileRef = 79B4995425F0A4180024F1B7 /* ExpandableCellDataSource.swift */; };
		79B4995925F0A4550024F1B7 /* SideMenuController.swift in Sources */ = {isa = PBXBuildFile; fileRef = 79B4995825F0A4550024F1B7 /* SideMenuController.swift */; };
		79F01ED625EFF692006139A9 /* AppDelegate.swift in Sources */ = {isa = PBXBuildFile; fileRef = 79F01ED525EFF692006139A9 /* AppDelegate.swift */; };
		79F01ED825EFF692006139A9 /* SceneDelegate.swift in Sources */ = {isa = PBXBuildFile; fileRef = 79F01ED725EFF692006139A9 /* SceneDelegate.swift */; };
		79F01EDA25EFF692006139A9 /* ContentView.swift in Sources */ = {isa = PBXBuildFile; fileRef = 79F01ED925EFF692006139A9 /* ContentView.swift */; };
		79F01EDC25EFF693006139A9 /* Assets.xcassets in Resources */ = {isa = PBXBuildFile; fileRef = 79F01EDB25EFF693006139A9 /* Assets.xcassets */; };
		79F01EDF25EFF693006139A9 /* Preview Assets.xcassets in Resources */ = {isa = PBXBuildFile; fileRef = 79F01EDE25EFF693006139A9 /* Preview Assets.xcassets */; };
		79F01EE225EFF693006139A9 /* LaunchScreen.storyboard in Resources */ = {isa = PBXBuildFile; fileRef = 79F01EE025EFF693006139A9 /* LaunchScreen.storyboard */; };
		79F01EED25EFF6E2006139A9 /* EverythingPresentation.swift in Sources */ = {isa = PBXBuildFile; fileRef = 79F01EEC25EFF6E2006139A9 /* EverythingPresentation.swift */; };
/* End PBXBuildFile section */

/* Begin PBXFileReference section */
		090C6C068D14C7B6CF56F681 /* Pods-DailyNews.release.xcconfig */ = {isa = PBXFileReference; includeInIndex = 1; lastKnownFileType = text.xcconfig; name = "Pods-DailyNews.release.xcconfig"; path = "Target Support Files/Pods-DailyNews/Pods-DailyNews.release.xcconfig"; sourceTree = "<group>"; };
		37895C55E1CDCCBB4BDF5C41 /* Pods-DailyNews.debug.xcconfig */ = {isa = PBXFileReference; includeInIndex = 1; lastKnownFileType = text.xcconfig; name = "Pods-DailyNews.debug.xcconfig"; path = "Target Support Files/Pods-DailyNews/Pods-DailyNews.debug.xcconfig"; sourceTree = "<group>"; };
		472779F026EDD3F56B83FEDC /* Pods_DailyNews.framework */ = {isa = PBXFileReference; explicitFileType = wrapper.framework; includeInIndex = 0; path = Pods_DailyNews.framework; sourceTree = BUILT_PRODUCTS_DIR; };
		790D99C425F0988200EF3DE8 /* ExpandedSources.swift */ = {isa = PBXFileReference; lastKnownFileType = sourcecode.swift; path = ExpandedSources.swift; sourceTree = "<group>"; };
		790D99C725F098A100EF3DE8 /* SourcesPresentation.swift */ = {isa = PBXFileReference; lastKnownFileType = sourcecode.swift; path = SourcesPresentation.swift; sourceTree = "<group>"; };
		790D99CA25F098CD00EF3DE8 /* TopHeadlinePresentation.swift */ = {isa = PBXFileReference; lastKnownFileType = sourcecode.swift; path = TopHeadlinePresentation.swift; sourceTree = "<group>"; };
		790D99CD25F0995100EF3DE8 /* BaseListController.swift */ = {isa = PBXFileReference; lastKnownFileType = sourcecode.swift; path = BaseListController.swift; sourceTree = "<group>"; };
		790D99D025F0996A00EF3DE8 /* Date+Ext.swift */ = {isa = PBXFileReference; lastKnownFileType = sourcecode.swift; path = "Date+Ext.swift"; sourceTree = "<group>"; };
		790D99D825F099AF00EF3DE8 /* Extensions.swift */ = {isa = PBXFileReference; lastKnownFileType = sourcecode.swift; path = Extensions.swift; sourceTree = "<group>"; };
		790D99DB25F099C900EF3DE8 /* Protocols.swift */ = {isa = PBXFileReference; lastKnownFileType = sourcecode.swift; path = Protocols.swift; sourceTree = "<group>"; };
		790D99DE25F099DF00EF3DE8 /* RxHelper.swift */ = {isa = PBXFileReference; lastKnownFileType = sourcecode.swift; path = RxHelper.swift; sourceTree = "<group>"; };
		790D99E125F099F800EF3DE8 /* String + Ext.swift */ = {isa = PBXFileReference; lastKnownFileType = sourcecode.swift; path = "String + Ext.swift"; sourceTree = "<group>"; };
		790D99E425F09A0E00EF3DE8 /* UIHelper.swift */ = {isa = PBXFileReference; lastKnownFileType = sourcecode.swift; path = UIHelper.swift; sourceTree = "<group>"; };
		790D99E825F09A7F00EF3DE8 /* NewsService.swift */ = {isa = PBXFileReference; lastKnownFileType = sourcecode.swift; path = NewsService.swift; sourceTree = "<group>"; };
		790D99F625F09C7B00EF3DE8 /* CategoriesViewController.swift */ = {isa = PBXFileReference; lastKnownFileType = sourcecode.swift; name = CategoriesViewController.swift; path = ../../../../CategoriesViewController.swift; sourceTree = "<group>"; };
		790D99FB25F09CAB00EF3DE8 /* SectionPageHeader.swift */ = {isa = PBXFileReference; lastKnownFileType = sourcecode.swift; name = SectionPageHeader.swift; path = ../../../../../SectionPageHeader.swift; sourceTree = "<group>"; };
		790D99FF25F09CD200EF3DE8 /* SectionHeaderViewModel.swift */ = {isa = PBXFileReference; lastKnownFileType = sourcecode.swift; name = SectionHeaderViewModel.swift; path = ../../../../../SectionHeaderViewModel.swift; sourceTree = "<group>"; };
		790D9A0225F09D9000EF3DE8 /* SectionHeaderController.swift */ = {isa = PBXFileReference; lastKnownFileType = sourcecode.swift; name = SectionHeaderController.swift; path = ../../../../../SectionHeaderController.swift; sourceTree = "<group>"; };
		790D9A0525F09DA900EF3DE8 /* SectionHeaderCell.swift */ = {isa = PBXFileReference; lastKnownFileType = sourcecode.swift; name = SectionHeaderCell.swift; path = ../../../../../SectionHeaderCell.swift; sourceTree = "<group>"; };
		790D9A0925F09DD200EF3DE8 /* SectionsViewModel.swift */ = {isa = PBXFileReference; lastKnownFileType = sourcecode.swift; name = SectionsViewModel.swift; path = ../../../../../SectionsViewModel.swift; sourceTree = "<group>"; };
		790D9A1425F09E2B00EF3DE8 /* BusinessCategoryController.swift */ = {isa = PBXFileReference; lastKnownFileType = sourcecode.swift; name = BusinessCategoryController.swift; path = ../../../../../../BusinessCategoryController.swift; sourceTree = "<group>"; };
		790D9A1825F09E6100EF3DE8 /* EntertainmentCategoryController.swift */ = {isa = PBXFileReference; lastKnownFileType = sourcecode.swift; name = EntertainmentCategoryController.swift; path = ../../../../../../EntertainmentCategoryController.swift; sourceTree = "<group>"; };
		790D9A1C25F09E8300EF3DE8 /* FeaturedCategoryController.swift */ = {isa = PBXFileReference; lastKnownFileType = sourcecode.swift; name = FeaturedCategoryController.swift; path = ../../../../../../FeaturedCategoryController.swift; sourceTree = "<group>"; };
		790D9A2025F09E9D00EF3DE8 /* HealthCategoryController.swift */ = {isa = PBXFileReference; lastKnownFileType = sourcecode.swift; name = HealthCategoryController.swift; path = ../../../../../../HealthCategoryController.swift; sourceTree = "<group>"; };
		790D9A2325F09EBD00EF3DE8 /* ScienceCategoryController.swift */ = {isa = PBXFileReference; lastKnownFileType = sourcecode.swift; name = ScienceCategoryController.swift; path = ../../../../../../ScienceCategoryController.swift; sourceTree = "<group>"; };
		790D9A2625F09ED200EF3DE8 /* SportsCategoryController.swift */ = {isa = PBXFileReference; lastKnownFileType = sourcecode.swift; name = SportsCategoryController.swift; path = ../../../../../../SportsCategoryController.swift; sourceTree = "<group>"; };
		790D9A2925F09EEB00EF3DE8 /* TechnologyCategoryController.swift */ = {isa = PBXFileReference; lastKnownFileType = sourcecode.swift; name = TechnologyCategoryController.swift; path = ../../../../../../TechnologyCategoryController.swift; sourceTree = "<group>"; };
		790D9A2E25F09F2C00EF3DE8 /* CategoriesCell.swift */ = {isa = PBXFileReference; lastKnownFileType = sourcecode.swift; name = CategoriesCell.swift; path = ../../../../../CategoriesCell.swift; sourceTree = "<group>"; };
		790D9A3225F09F3D00EF3DE8 /* SectionsCell.swift */ = {isa = PBXFileReference; lastKnownFileType = sourcecode.swift; name = SectionsCell.swift; path = ../../../../../SectionsCell.swift; sourceTree = "<group>"; };
		790D9A3725F0A00100EF3DE8 /* NewsViewController.swift */ = {isa = PBXFileReference; lastKnownFileType = sourcecode.swift; name = NewsViewController.swift; path = ../../../../NewsViewController.swift; sourceTree = "<group>"; };
		790D9A3B25F0A05C00EF3DE8 /* NewsViewModel.swift */ = {isa = PBXFileReference; lastKnownFileType = sourcecode.swift; name = NewsViewModel.swift; path = ../../../../NewsViewModel.swift; sourceTree = "<group>"; };
		794BF4F225EFFA2400A226C3 /* Constants.swift */ = {isa = PBXFileReference; lastKnownFileType = sourcecode.swift; path = Constants.swift; sourceTree = "<group>"; };
		794BF4F625EFFA6800A226C3 /* NetworkResponse.swift */ = {isa = PBXFileReference; lastKnownFileType = sourcecode.swift; path = NetworkResponse.swift; sourceTree = "<group>"; };
		794BF4FA25EFFA9200A226C3 /* EndpointSource.swift */ = {isa = PBXFileReference; lastKnownFileType = sourcecode.swift; path = EndpointSource.swift; sourceTree = "<group>"; };
		794BF4FD25EFFAB400A226C3 /* HttpMethod.swift */ = {isa = PBXFileReference; lastKnownFileType = sourcecode.swift; path = HttpMethod.swift; sourceTree = "<group>"; };
		794BF50025EFFB8200A226C3 /* NewsApi.swift */ = {isa = PBXFileReference; lastKnownFileType = sourcecode.swift; path = NewsApi.swift; sourceTree = "<group>"; };
		794BF50525EFFBEC00A226C3 /* THRequest.swift */ = {isa = PBXFileReference; lastKnownFileType = sourcecode.swift; path = THRequest.swift; sourceTree = "<group>"; };
		794BF50825EFFC0800A226C3 /* SRequest.swift */ = {isa = PBXFileReference; lastKnownFileType = sourcecode.swift; path = SRequest.swift; sourceTree = "<group>"; };
		794BF50B25EFFC2500A226C3 /* ERequest.swift */ = {isa = PBXFileReference; lastKnownFileType = sourcecode.swift; path = ERequest.swift; sourceTree = "<group>"; };
		794BF51025EFFCD000A226C3 /* Sources.swift */ = {isa = PBXFileReference; lastKnownFileType = sourcecode.swift; path = Sources.swift; sourceTree = "<group>"; };
		794BF51325EFFD4800A226C3 /* SourcesModel.swift */ = {isa = PBXFileReference; lastKnownFileType = sourcecode.swift; path = SourcesModel.swift; sourceTree = "<group>"; };
		79B4992325F0A27E0024F1B7 /* NewsHeaderCell.swift */ = {isa = PBXFileReference; lastKnownFileType = sourcecode.swift; path = NewsHeaderCell.swift; sourceTree = "<group>"; };
		79B4992825F0A28F0024F1B7 /* NewsHeaderViewModel.swift */ = {isa = PBXFileReference; lastKnownFileType = sourcecode.swift; path = NewsHeaderViewModel.swift; sourceTree = "<group>"; };
		79B4992C25F0A29B0024F1B7 /* NewsHeaderController.swift */ = {isa = PBXFileReference; lastKnownFileType = sourcecode.swift; path = NewsHeaderController.swift; sourceTree = "<group>"; };
		79B4992F25F0A2A70024F1B7 /* NewsPageHeader.swift */ = {isa = PBXFileReference; lastKnownFileType = sourcecode.swift; path = NewsPageHeader.swift; sourceTree = "<group>"; };
		79B4993325F0A2F20024F1B7 /* NewsCell.swift */ = {isa = PBXFileReference; lastKnownFileType = sourcecode.swift; path = NewsCell.swift; sourceTree = "<group>"; };
		79B4993825F0A32C0024F1B7 /* SearchNewsController.swift */ = {isa = PBXFileReference; lastKnownFileType = sourcecode.swift; path = SearchNewsController.swift; sourceTree = "<group>"; };
		79B4993C25F0A3440024F1B7 /* SearchNewsViewModel.swift */ = {isa = PBXFileReference; lastKnownFileType = sourcecode.swift; path = SearchNewsViewModel.swift; sourceTree = "<group>"; };
		79B4994025F0A37C0024F1B7 /* SearchCell.swift */ = {isa = PBXFileReference; lastKnownFileType = sourcecode.swift; path = SearchCell.swift; sourceTree = "<group>"; };
		79B4994625F0A3B50024F1B7 /* ContainerController.swift */ = {isa = PBXFileReference; lastKnownFileType = sourcecode.swift; path = ContainerController.swift; sourceTree = "<group>"; };
		79B4994A25F0A3CC0024F1B7 /* SideMenuNewsViewController.swift */ = {isa = PBXFileReference; lastKnownFileType = sourcecode.swift; path = SideMenuNewsViewController.swift; sourceTree = "<group>"; };
		79B4994D25F0A3E40024F1B7 /* SideMenuNewsViewModel.swift */ = {isa = PBXFileReference; lastKnownFileType = sourcecode.swift; path = SideMenuNewsViewModel.swift; sourceTree = "<group>"; };
		79B4995025F0A3FA0024F1B7 /* TabBarController.swift */ = {isa = PBXFileReference; lastKnownFileType = sourcecode.swift; path = TabBarController.swift; sourceTree = "<group>"; };
		79B4995425F0A4180024F1B7 /* ExpandableCellDataSource.swift */ = {isa = PBXFileReference; lastKnownFileType = sourcecode.swift; path = ExpandableCellDataSource.swift; sourceTree = "<group>"; };
		79B4995825F0A4550024F1B7 /* SideMenuController.swift */ = {isa = PBXFileReference; lastKnownFileType = sourcecode.swift; path = SideMenuController.swift; sourceTree = "<group>"; };
		79F01ED225EFF692006139A9 /* DailyNews.app */ = {isa = PBXFileReference; explicitFileType = wrapper.application; includeInIndex = 0; path = DailyNews.app; sourceTree = BUILT_PRODUCTS_DIR; };
		79F01ED525EFF692006139A9 /* AppDelegate.swift */ = {isa = PBXFileReference; lastKnownFileType = sourcecode.swift; path = AppDelegate.swift; sourceTree = "<group>"; };
		79F01ED725EFF692006139A9 /* SceneDelegate.swift */ = {isa = PBXFileReference; lastKnownFileType = sourcecode.swift; path = SceneDelegate.swift; sourceTree = "<group>"; };
		79F01ED925EFF692006139A9 /* ContentView.swift */ = {isa = PBXFileReference; lastKnownFileType = sourcecode.swift; path = ContentView.swift; sourceTree = "<group>"; };
		79F01EDB25EFF693006139A9 /* Assets.xcassets */ = {isa = PBXFileReference; lastKnownFileType = folder.assetcatalog; path = Assets.xcassets; sourceTree = "<group>"; };
		79F01EDE25EFF693006139A9 /* Preview Assets.xcassets */ = {isa = PBXFileReference; lastKnownFileType = folder.assetcatalog; path = "Preview Assets.xcassets"; sourceTree = "<group>"; };
		79F01EE125EFF693006139A9 /* Base */ = {isa = PBXFileReference; lastKnownFileType = file.storyboard; name = Base; path = Base.lproj/LaunchScreen.storyboard; sourceTree = "<group>"; };
		79F01EE325EFF693006139A9 /* Info.plist */ = {isa = PBXFileReference; lastKnownFileType = text.plist.xml; path = Info.plist; sourceTree = "<group>"; };
		79F01EEC25EFF6E2006139A9 /* EverythingPresentation.swift */ = {isa = PBXFileReference; lastKnownFileType = sourcecode.swift; path = EverythingPresentation.swift; sourceTree = "<group>"; };
/* End PBXFileReference section */

/* Begin PBXFrameworksBuildPhase section */
		79F01ECF25EFF692006139A9 /* Frameworks */ = {
			isa = PBXFrameworksBuildPhase;
			buildActionMask = 2147483647;
			files = (
				4830D17EEE3D41D3A5CB2C03 /* Pods_DailyNews.framework in Frameworks */,
			);
			runOnlyForDeploymentPostprocessing = 0;
		};
/* End PBXFrameworksBuildPhase section */

/* Begin PBXGroup section */
		790D99F425F09B8500EF3DE8 /* View */ = {
			isa = PBXGroup;
			children = (
				79B4994425F0A38E0024F1B7 /* SideMenus */,
				79B4993725F0A3130024F1B7 /* Search */,
				790D9A3625F09FEC00EF3DE8 /* News */,
				790D99F525F09C4F00EF3DE8 /* Categories */,
			);
			path = View;
			sourceTree = "<group>";
		};
		790D99F525F09C4F00EF3DE8 /* Categories */ = {
			isa = PBXGroup;
			children = (
				790D9A2D25F09F1C00EF3DE8 /* CellCategories */,
				790D9A0825F09DBA00EF3DE8 /* Sections */,
				790D99FA25F09C9B00EF3DE8 /* SectionsHeader */,
				790D99F625F09C7B00EF3DE8 /* CategoriesViewController.swift */,
			);
			path = Categories;
			sourceTree = "<group>";
		};
		790D99FA25F09C9B00EF3DE8 /* SectionsHeader */ = {
			isa = PBXGroup;
			children = (
				790D99FB25F09CAB00EF3DE8 /* SectionPageHeader.swift */,
				790D99FF25F09CD200EF3DE8 /* SectionHeaderViewModel.swift */,
				790D9A0225F09D9000EF3DE8 /* SectionHeaderController.swift */,
				790D9A0525F09DA900EF3DE8 /* SectionHeaderCell.swift */,
			);
			path = SectionsHeader;
			sourceTree = "<group>";
		};
		790D9A0825F09DBA00EF3DE8 /* Sections */ = {
			isa = PBXGroup;
			children = (
				790D9A1325F09E0A00EF3DE8 /* Business */,
				790D9A1225F09E0300EF3DE8 /* Entertainment */,
				790D9A1125F09DFE00EF3DE8 /* Featured */,
				790D9A1025F09DF800EF3DE8 /* Health */,
				790D9A0F25F09DF200EF3DE8 /* Science */,
				790D9A0E25F09DEA00EF3DE8 /* Sports */,
				790D9A0D25F09DE100EF3DE8 /* Technology */,
				790D9A0925F09DD200EF3DE8 /* SectionsViewModel.swift */,
			);
			path = Sections;
			sourceTree = "<group>";
		};
		790D9A0D25F09DE100EF3DE8 /* Technology */ = {
			isa = PBXGroup;
			children = (
				790D9A2925F09EEB00EF3DE8 /* TechnologyCategoryController.swift */,
			);
			path = Technology;
			sourceTree = "<group>";
		};
		790D9A0E25F09DEA00EF3DE8 /* Sports */ = {
			isa = PBXGroup;
			children = (
				790D9A2625F09ED200EF3DE8 /* SportsCategoryController.swift */,
			);
			path = Sports;
			sourceTree = "<group>";
		};
		790D9A0F25F09DF200EF3DE8 /* Science */ = {
			isa = PBXGroup;
			children = (
				790D9A2325F09EBD00EF3DE8 /* ScienceCategoryController.swift */,
			);
			path = Science;
			sourceTree = "<group>";
		};
		790D9A1025F09DF800EF3DE8 /* Health */ = {
			isa = PBXGroup;
			children = (
				790D9A2025F09E9D00EF3DE8 /* HealthCategoryController.swift */,
			);
			path = Health;
			sourceTree = "<group>";
		};
		790D9A1125F09DFE00EF3DE8 /* Featured */ = {
			isa = PBXGroup;
			children = (
				790D9A1C25F09E8300EF3DE8 /* FeaturedCategoryController.swift */,
			);
			path = Featured;
			sourceTree = "<group>";
		};
		790D9A1225F09E0300EF3DE8 /* Entertainment */ = {
			isa = PBXGroup;
			children = (
				790D9A1825F09E6100EF3DE8 /* EntertainmentCategoryController.swift */,
			);
			path = Entertainment;
			sourceTree = "<group>";
		};
		790D9A1325F09E0A00EF3DE8 /* Business */ = {
			isa = PBXGroup;
			children = (
				790D9A1425F09E2B00EF3DE8 /* BusinessCategoryController.swift */,
			);
			path = Business;
			sourceTree = "<group>";
		};
		790D9A2D25F09F1C00EF3DE8 /* CellCategories */ = {
			isa = PBXGroup;
			children = (
				790D9A2E25F09F2C00EF3DE8 /* CategoriesCell.swift */,
				790D9A3225F09F3D00EF3DE8 /* SectionsCell.swift */,
			);
			path = CellCategories;
			sourceTree = "<group>";
		};
		790D9A3625F09FEC00EF3DE8 /* News */ = {
			isa = PBXGroup;
			children = (
				79B4993225F0A2E40024F1B7 /* CustomCells */,
				790D9A5325F0A20B00EF3DE8 /* NewsJHeader */,
				790D9A3725F0A00100EF3DE8 /* NewsViewController.swift */,
				790D9A3B25F0A05C00EF3DE8 /* NewsViewModel.swift */,
			);
			path = News;
			sourceTree = "<group>";
		};
		790D9A5325F0A20B00EF3DE8 /* NewsJHeader */ = {
			isa = PBXGroup;
			children = (
				79B4992325F0A27E0024F1B7 /* NewsHeaderCell.swift */,
				79B4992825F0A28F0024F1B7 /* NewsHeaderViewModel.swift */,
				79B4992C25F0A29B0024F1B7 /* NewsHeaderController.swift */,
				79B4992F25F0A2A70024F1B7 /* NewsPageHeader.swift */,
			);
			path = NewsJHeader;
			sourceTree = "<group>";
		};
		794BF4F125EFFA1100A226C3 /* Helpers */ = {
			isa = PBXGroup;
			children = (
				794BF4F225EFFA2400A226C3 /* Constants.swift */,
				790D99CD25F0995100EF3DE8 /* BaseListController.swift */,
				790D99D025F0996A00EF3DE8 /* Date+Ext.swift */,
				790D99D825F099AF00EF3DE8 /* Extensions.swift */,
				790D99DB25F099C900EF3DE8 /* Protocols.swift */,
				790D99DE25F099DF00EF3DE8 /* RxHelper.swift */,
				790D99E125F099F800EF3DE8 /* String + Ext.swift */,
				790D99E425F09A0E00EF3DE8 /* UIHelper.swift */,
			);
			path = Helpers;
			sourceTree = "<group>";
		};
		794BF4F525EFFA5100A226C3 /* BaseNetwork */ = {
			isa = PBXGroup;
			children = (
				794BF4F625EFFA6800A226C3 /* NetworkResponse.swift */,
				794BF4FA25EFFA9200A226C3 /* EndpointSource.swift */,
				794BF4FD25EFFAB400A226C3 /* HttpMethod.swift */,
				794BF50025EFFB8200A226C3 /* NewsApi.swift */,
				790D99E825F09A7F00EF3DE8 /* NewsService.swift */,
			);
			path = BaseNetwork;
			sourceTree = "<group>";
		};
		794BF50325EFFB9E00A226C3 /* Model */ = {
			isa = PBXGroup;
			children = (
				794BF50E25EFFC4A00A226C3 /* Responses */,
				794BF50425EFFBD600A226C3 /* Requests */,
			);
			path = Model;
			sourceTree = "<group>";
		};
		794BF50425EFFBD600A226C3 /* Requests */ = {
			isa = PBXGroup;
			children = (
				794BF50525EFFBEC00A226C3 /* THRequest.swift */,
				794BF50825EFFC0800A226C3 /* SRequest.swift */,
				794BF50B25EFFC2500A226C3 /* ERequest.swift */,
			);
			path = Requests;
			sourceTree = "<group>";
		};
		794BF50E25EFFC4A00A226C3 /* Responses */ = {
			isa = PBXGroup;
			children = (
				794BF50F25EFFCC000A226C3 /* SourcesResponses */,
			);
			path = Responses;
			sourceTree = "<group>";
		};
		794BF50F25EFFCC000A226C3 /* SourcesResponses */ = {
			isa = PBXGroup;
			children = (
				794BF51025EFFCD000A226C3 /* Sources.swift */,
				794BF51325EFFD4800A226C3 /* SourcesModel.swift */,
			);
			path = SourcesResponses;
			sourceTree = "<group>";
		};
		79B4993225F0A2E40024F1B7 /* CustomCells */ = {
			isa = PBXGroup;
			children = (
				79B4993325F0A2F20024F1B7 /* NewsCell.swift */,
			);
			path = CustomCells;
			sourceTree = "<group>";
		};
		79B4993725F0A3130024F1B7 /* Search */ = {
			isa = PBXGroup;
			children = (
				79B4993F25F0A34E0024F1B7 /* SearchCells */,
				79B4993825F0A32C0024F1B7 /* SearchNewsController.swift */,
				79B4993C25F0A3440024F1B7 /* SearchNewsViewModel.swift */,
			);
			path = Search;
			sourceTree = "<group>";
		};
		79B4993F25F0A34E0024F1B7 /* SearchCells */ = {
			isa = PBXGroup;
			children = (
				79B4994025F0A37C0024F1B7 /* SearchCell.swift */,
			);
			path = SearchCells;
			sourceTree = "<group>";
		};
		79B4994425F0A38E0024F1B7 /* SideMenus */ = {
			isa = PBXGroup;
			children = (
				79B4995325F0A4060024F1B7 /* Menu */,
				79B4994525F0A3960024F1B7 /* Side */,
			);
			path = SideMenus;
			sourceTree = "<group>";
		};
		79B4994525F0A3960024F1B7 /* Side */ = {
			isa = PBXGroup;
			children = (
				79B4994625F0A3B50024F1B7 /* ContainerController.swift */,
				79B4994A25F0A3CC0024F1B7 /* SideMenuNewsViewController.swift */,
				79B4994D25F0A3E40024F1B7 /* SideMenuNewsViewModel.swift */,
				79B4995025F0A3FA0024F1B7 /* TabBarController.swift */,
			);
			path = Side;
			sourceTree = "<group>";
		};
		79B4995325F0A4060024F1B7 /* Menu */ = {
			isa = PBXGroup;
			children = (
				79B4995425F0A4180024F1B7 /* ExpandableCellDataSource.swift */,
				79B4995825F0A4550024F1B7 /* SideMenuController.swift */,
			);
			path = Menu;
			sourceTree = "<group>";
		};
		79F01EC925EFF692006139A9 = {
			isa = PBXGroup;
			children = (
				79F01ED425EFF692006139A9 /* DailyNews */,
				79F01ED325EFF692006139A9 /* Products */,
				CB9AF602764C9021BBFAFC59 /* Pods */,
				B30F38F3EAB9DFC8D68DE816 /* Frameworks */,
			);
			sourceTree = "<group>";
		};
		79F01ED325EFF692006139A9 /* Products */ = {
			isa = PBXGroup;
			children = (
				79F01ED225EFF692006139A9 /* DailyNews.app */,
			);
			name = Products;
			sourceTree = "<group>";
		};
		79F01ED425EFF692006139A9 /* DailyNews */ = {
			isa = PBXGroup;
			children = (
				790D99F425F09B8500EF3DE8 /* View */,
				794BF50325EFFB9E00A226C3 /* Model */,
				794BF4F525EFFA5100A226C3 /* BaseNetwork */,
				794BF4F125EFFA1100A226C3 /* Helpers */,
				79F01EEA25EFF6AF006139A9 /* Commons */,
				79F01ED525EFF692006139A9 /* AppDelegate.swift */,
				79F01ED725EFF692006139A9 /* SceneDelegate.swift */,
				79F01ED925EFF692006139A9 /* ContentView.swift */,
				79F01EDB25EFF693006139A9 /* Assets.xcassets */,
				79F01EE025EFF693006139A9 /* LaunchScreen.storyboard */,
				79F01EE325EFF693006139A9 /* Info.plist */,
				79F01EDD25EFF693006139A9 /* Preview Content */,
			);
			path = DailyNews;
			sourceTree = "<group>";
		};
		79F01EDD25EFF693006139A9 /* Preview Content */ = {
			isa = PBXGroup;
			children = (
				79F01EDE25EFF693006139A9 /* Preview Assets.xcassets */,
			);
			path = "Preview Content";
			sourceTree = "<group>";
		};
		79F01EEA25EFF6AF006139A9 /* Commons */ = {
			isa = PBXGroup;
			children = (
				79F01EEC25EFF6E2006139A9 /* EverythingPresentation.swift */,
				790D99C425F0988200EF3DE8 /* ExpandedSources.swift */,
				790D99C725F098A100EF3DE8 /* SourcesPresentation.swift */,
				790D99CA25F098CD00EF3DE8 /* TopHeadlinePresentation.swift */,
			);
			path = Commons;
			sourceTree = "<group>";
		};
		B30F38F3EAB9DFC8D68DE816 /* Frameworks */ = {
			isa = PBXGroup;
			children = (
				472779F026EDD3F56B83FEDC /* Pods_DailyNews.framework */,
			);
			name = Frameworks;
			sourceTree = "<group>";
		};
		CB9AF602764C9021BBFAFC59 /* Pods */ = {
			isa = PBXGroup;
			children = (
				37895C55E1CDCCBB4BDF5C41 /* Pods-DailyNews.debug.xcconfig */,
				090C6C068D14C7B6CF56F681 /* Pods-DailyNews.release.xcconfig */,
			);
			path = Pods;
			sourceTree = "<group>";
		};
/* End PBXGroup section */

/* Begin PBXNativeTarget section */
		79F01ED125EFF692006139A9 /* DailyNews */ = {
			isa = PBXNativeTarget;
			buildConfigurationList = 79F01EE625EFF693006139A9 /* Build configuration list for PBXNativeTarget "DailyNews" */;
			buildPhases = (
				C34AD1BA415886EF9C22E45A /* [CP] Check Pods Manifest.lock */,
				79F01ECE25EFF692006139A9 /* Sources */,
				79F01ECF25EFF692006139A9 /* Frameworks */,
				79F01ED025EFF692006139A9 /* Resources */,
				D401A2737F56A7B9C185C6A6 /* [CP] Embed Pods Frameworks */,
			);
			buildRules = (
			);
			dependencies = (
			);
			name = DailyNews;
			productName = DailyNews;
			productReference = 79F01ED225EFF692006139A9 /* DailyNews.app */;
			productType = "com.apple.product-type.application";
		};
/* End PBXNativeTarget section */

/* Begin PBXProject section */
		79F01ECA25EFF692006139A9 /* Project object */ = {
			isa = PBXProject;
			attributes = {
				LastSwiftUpdateCheck = 1240;
				LastUpgradeCheck = 1240;
				TargetAttributes = {
					79F01ED125EFF692006139A9 = {
						CreatedOnToolsVersion = 12.4;
					};
				};
			};
			buildConfigurationList = 79F01ECD25EFF692006139A9 /* Build configuration list for PBXProject "DailyNews" */;
			compatibilityVersion = "Xcode 9.3";
			developmentRegion = en;
			hasScannedForEncodings = 0;
			knownRegions = (
				en,
				Base,
			);
			mainGroup = 79F01EC925EFF692006139A9;
			productRefGroup = 79F01ED325EFF692006139A9 /* Products */;
			projectDirPath = "";
			projectRoot = "";
			targets = (
				79F01ED125EFF692006139A9 /* DailyNews */,
			);
		};
/* End PBXProject section */

/* Begin PBXResourcesBuildPhase section */
		79F01ED025EFF692006139A9 /* Resources */ = {
			isa = PBXResourcesBuildPhase;
			buildActionMask = 2147483647;
			files = (
				79F01EE225EFF693006139A9 /* LaunchScreen.storyboard in Resources */,
				79F01EDF25EFF693006139A9 /* Preview Assets.xcassets in Resources */,
				79F01EDC25EFF693006139A9 /* Assets.xcassets in Resources */,
			);
			runOnlyForDeploymentPostprocessing = 0;
		};
/* End PBXResourcesBuildPhase section */

/* Begin PBXShellScriptBuildPhase section */
		C34AD1BA415886EF9C22E45A /* [CP] Check Pods Manifest.lock */ = {
			isa = PBXShellScriptBuildPhase;
			buildActionMask = 2147483647;
			files = (
			);
			inputFileListPaths = (
			);
			inputPaths = (
				"${PODS_PODFILE_DIR_PATH}/Podfile.lock",
				"${PODS_ROOT}/Manifest.lock",
			);
			name = "[CP] Check Pods Manifest.lock";
			outputFileListPaths = (
			);
			outputPaths = (
				"$(DERIVED_FILE_DIR)/Pods-DailyNews-checkManifestLockResult.txt",
			);
			runOnlyForDeploymentPostprocessing = 0;
			shellPath = /bin/sh;
			shellScript = "diff \"${PODS_PODFILE_DIR_PATH}/Podfile.lock\" \"${PODS_ROOT}/Manifest.lock\" > /dev/null\nif [ $? != 0 ] ; then\n    # print error to STDERR\n    echo \"error: The sandbox is not in sync with the Podfile.lock. Run 'pod install' or update your CocoaPods installation.\" >&2\n    exit 1\nfi\n# This output is used by Xcode 'outputs' to avoid re-running this script phase.\necho \"SUCCESS\" > \"${SCRIPT_OUTPUT_FILE_0}\"\n";
			showEnvVarsInLog = 0;
		};
		D401A2737F56A7B9C185C6A6 /* [CP] Embed Pods Frameworks */ = {
			isa = PBXShellScriptBuildPhase;
			buildActionMask = 2147483647;
			files = (
			);
			inputFileListPaths = (
				"${PODS_ROOT}/Target Support Files/Pods-DailyNews/Pods-DailyNews-frameworks-${CONFIGURATION}-input-files.xcfilelist",
			);
			name = "[CP] Embed Pods Frameworks";
			outputFileListPaths = (
				"${PODS_ROOT}/Target Support Files/Pods-DailyNews/Pods-DailyNews-frameworks-${CONFIGURATION}-output-files.xcfilelist",
			);
			runOnlyForDeploymentPostprocessing = 0;
			shellPath = /bin/sh;
			shellScript = "\"${PODS_ROOT}/Target Support Files/Pods-DailyNews/Pods-DailyNews-frameworks.sh\"\n";
			showEnvVarsInLog = 0;
		};
/* End PBXShellScriptBuildPhase section */

/* Begin PBXSourcesBuildPhase section */
		79F01ECE25EFF692006139A9 /* Sources */ = {
			isa = PBXSourcesBuildPhase;
			buildActionMask = 2147483647;
			files = (
				790D9A2F25F09F2C00EF3DE8 /* CategoriesCell.swift in Sources */,
				794BF50925EFFC0800A226C3 /* SRequest.swift in Sources */,
				794BF4F325EFFA2400A226C3 /* Constants.swift in Sources */,
				79B4995125F0A3FA0024F1B7 /* TabBarController.swift in Sources */,
				790D99CB25F098CD00EF3DE8 /* TopHeadlinePresentation.swift in Sources */,
				790D99DF25F099DF00EF3DE8 /* RxHelper.swift in Sources */,
				79F01EED25EFF6E2006139A9 /* EverythingPresentation.swift in Sources */,
				794BF51125EFFCD000A226C3 /* Sources.swift in Sources */,
				790D9A0625F09DA900EF3DE8 /* SectionHeaderCell.swift in Sources */,
				790D9A2A25F09EEB00EF3DE8 /* TechnologyCategoryController.swift in Sources */,
				790D99C825F098A100EF3DE8 /* SourcesPresentation.swift in Sources */,
				790D99E225F099F800EF3DE8 /* String + Ext.swift in Sources */,
				79B4994125F0A37C0024F1B7 /* SearchCell.swift in Sources */,
				790D99C525F0988200EF3DE8 /* ExpandedSources.swift in Sources */,
				79F01ED625EFF692006139A9 /* AppDelegate.swift in Sources */,
				79B4994725F0A3B50024F1B7 /* ContainerController.swift in Sources */,
				790D9A3825F0A00100EF3DE8 /* NewsViewController.swift in Sources */,
				79F01ED825EFF692006139A9 /* SceneDelegate.swift in Sources */,
				790D9A1D25F09E8300EF3DE8 /* FeaturedCategoryController.swift in Sources */,
				79B4993025F0A2A70024F1B7 /* NewsPageHeader.swift in Sources */,
				79B4993D25F0A3440024F1B7 /* SearchNewsViewModel.swift in Sources */,
				790D99DC25F099C900EF3DE8 /* Protocols.swift in Sources */,
				790D99F725F09C7B00EF3DE8 /* CategoriesViewController.swift in Sources */,
				790D99D125F0996A00EF3DE8 /* Date+Ext.swift in Sources */,
				794BF4FE25EFFAB400A226C3 /* HttpMethod.swift in Sources */,
				79B4995925F0A4550024F1B7 /* SideMenuController.swift in Sources */,
				790D99CE25F0995100EF3DE8 /* BaseListController.swift in Sources */,
				790D9A2725F09ED200EF3DE8 /* SportsCategoryController.swift in Sources */,
				790D9A2425F09EBD00EF3DE8 /* ScienceCategoryController.swift in Sources */,
				79B4992D25F0A29B0024F1B7 /* NewsHeaderController.swift in Sources */,
				790D99E925F09A7F00EF3DE8 /* NewsService.swift in Sources */,
				790D9A1525F09E2B00EF3DE8 /* BusinessCategoryController.swift in Sources */,
				79B4994B25F0A3CC0024F1B7 /* SideMenuNewsViewController.swift in Sources */,
				790D9A3C25F0A05C00EF3DE8 /* NewsViewModel.swift in Sources */,
				794BF50625EFFBEC00A226C3 /* THRequest.swift in Sources */,
				794BF50C25EFFC2500A226C3 /* ERequest.swift in Sources */,
				79F01EDA25EFF692006139A9 /* ContentView.swift in Sources */,
				79B4994E25F0A3E40024F1B7 /* SideMenuNewsViewModel.swift in Sources */,
				790D9A2125F09E9D00EF3DE8 /* HealthCategoryController.swift in Sources */,
				790D99D925F099AF00EF3DE8 /* Extensions.swift in Sources */,
				794BF4FB25EFFA9200A226C3 /* EndpointSource.swift in Sources */,
				794BF50125EFFB8200A226C3 /* NewsApi.swift in Sources */,
				79B4995525F0A4180024F1B7 /* ExpandableCellDataSource.swift in Sources */,
				79B4993425F0A2F20024F1B7 /* NewsCell.swift in Sources */,
				790D9A0A25F09DD200EF3DE8 /* SectionsViewModel.swift in Sources */,
				79B4992925F0A28F0024F1B7 /* NewsHeaderViewModel.swift in Sources */,
				794BF51425EFFD4800A226C3 /* SourcesModel.swift in Sources */,
				794BF4F725EFFA6800A226C3 /* NetworkResponse.swift in Sources */,
				790D9A0025F09CD200EF3DE8 /* SectionHeaderViewModel.swift in Sources */,
				790D99FC25F09CAB00EF3DE8 /* SectionPageHeader.swift in Sources */,
				790D9A1925F09E6100EF3DE8 /* EntertainmentCategoryController.swift in Sources */,
				79B4992425F0A27E0024F1B7 /* NewsHeaderCell.swift in Sources */,
				79B4993925F0A32C0024F1B7 /* SearchNewsController.swift in Sources */,
				790D9A3325F09F3D00EF3DE8 /* SectionsCell.swift in Sources */,
				790D9A0325F09D9000EF3DE8 /* SectionHeaderController.swift in Sources */,
				790D99E525F09A0E00EF3DE8 /* UIHelper.swift in Sources */,
			);
			runOnlyForDeploymentPostprocessing = 0;
		};
/* End PBXSourcesBuildPhase section */

/* Begin PBXVariantGroup section */
		79F01EE025EFF693006139A9 /* LaunchScreen.storyboard */ = {
			isa = PBXVariantGroup;
			children = (
				79F01EE125EFF693006139A9 /* Base */,
			);
			name = LaunchScreen.storyboard;
			sourceTree = "<group>";
		};
/* End PBXVariantGroup section */

/* Begin XCBuildConfiguration section */
		79F01EE425EFF693006139A9 /* Debug */ = {
			isa = XCBuildConfiguration;
			buildSettings = {
				ALWAYS_SEARCH_USER_PATHS = NO;
				CLANG_ANALYZER_NONNULL = YES;
				CLANG_ANALYZER_NUMBER_OBJECT_CONVERSION = YES_AGGRESSIVE;
				CLANG_CXX_LANGUAGE_STANDARD = "gnu++14";
				CLANG_CXX_LIBRARY = "libc++";
				CLANG_ENABLE_MODULES = YES;
				CLANG_ENABLE_OBJC_ARC = YES;
				CLANG_ENABLE_OBJC_WEAK = YES;
				CLANG_WARN_BLOCK_CAPTURE_AUTORELEASING = YES;
				CLANG_WARN_BOOL_CONVERSION = YES;
				CLANG_WARN_COMMA = YES;
				CLANG_WARN_CONSTANT_CONVERSION = YES;
				CLANG_WARN_DEPRECATED_OBJC_IMPLEMENTATIONS = YES;
				CLANG_WARN_DIRECT_OBJC_ISA_USAGE = YES_ERROR;
				CLANG_WARN_DOCUMENTATION_COMMENTS = YES;
				CLANG_WARN_EMPTY_BODY = YES;
				CLANG_WARN_ENUM_CONVERSION = YES;
				CLANG_WARN_INFINITE_RECURSION = YES;
				CLANG_WARN_INT_CONVERSION = YES;
				CLANG_WARN_NON_LITERAL_NULL_CONVERSION = YES;
				CLANG_WARN_OBJC_IMPLICIT_RETAIN_SELF = YES;
				CLANG_WARN_OBJC_LITERAL_CONVERSION = YES;
				CLANG_WARN_OBJC_ROOT_CLASS = YES_ERROR;
				CLANG_WARN_QUOTED_INCLUDE_IN_FRAMEWORK_HEADER = YES;
				CLANG_WARN_RANGE_LOOP_ANALYSIS = YES;
				CLANG_WARN_STRICT_PROTOTYPES = YES;
				CLANG_WARN_SUSPICIOUS_MOVE = YES;
				CLANG_WARN_UNGUARDED_AVAILABILITY = YES_AGGRESSIVE;
				CLANG_WARN_UNREACHABLE_CODE = YES;
				CLANG_WARN__DUPLICATE_METHOD_MATCH = YES;
				COPY_PHASE_STRIP = NO;
				DEBUG_INFORMATION_FORMAT = dwarf;
				ENABLE_STRICT_OBJC_MSGSEND = YES;
				ENABLE_TESTABILITY = YES;
				GCC_C_LANGUAGE_STANDARD = gnu11;
				GCC_DYNAMIC_NO_PIC = NO;
				GCC_NO_COMMON_BLOCKS = YES;
				GCC_OPTIMIZATION_LEVEL = 0;
				GCC_PREPROCESSOR_DEFINITIONS = (
					"DEBUG=1",
					"$(inherited)",
				);
				GCC_WARN_64_TO_32_BIT_CONVERSION = YES;
				GCC_WARN_ABOUT_RETURN_TYPE = YES_ERROR;
				GCC_WARN_UNDECLARED_SELECTOR = YES;
				GCC_WARN_UNINITIALIZED_AUTOS = YES_AGGRESSIVE;
				GCC_WARN_UNUSED_FUNCTION = YES;
				GCC_WARN_UNUSED_VARIABLE = YES;
				IPHONEOS_DEPLOYMENT_TARGET = 14.4;
				MTL_ENABLE_DEBUG_INFO = INCLUDE_SOURCE;
				MTL_FAST_MATH = YES;
				ONLY_ACTIVE_ARCH = YES;
				SDKROOT = iphoneos;
				SWIFT_ACTIVE_COMPILATION_CONDITIONS = DEBUG;
				SWIFT_OPTIMIZATION_LEVEL = "-Onone";
			};
			name = Debug;
		};
		79F01EE525EFF693006139A9 /* Release */ = {
			isa = XCBuildConfiguration;
			buildSettings = {
				ALWAYS_SEARCH_USER_PATHS = NO;
				CLANG_ANALYZER_NONNULL = YES;
				CLANG_ANALYZER_NUMBER_OBJECT_CONVERSION = YES_AGGRESSIVE;
				CLANG_CXX_LANGUAGE_STANDARD = "gnu++14";
				CLANG_CXX_LIBRARY = "libc++";
				CLANG_ENABLE_MODULES = YES;
				CLANG_ENABLE_OBJC_ARC = YES;
				CLANG_ENABLE_OBJC_WEAK = YES;
				CLANG_WARN_BLOCK_CAPTURE_AUTORELEASING = YES;
				CLANG_WARN_BOOL_CONVERSION = YES;
				CLANG_WARN_COMMA = YES;
				CLANG_WARN_CONSTANT_CONVERSION = YES;
				CLANG_WARN_DEPRECATED_OBJC_IMPLEMENTATIONS = YES;
				CLANG_WARN_DIRECT_OBJC_ISA_USAGE = YES_ERROR;
				CLANG_WARN_DOCUMENTATION_COMMENTS = YES;
				CLANG_WARN_EMPTY_BODY = YES;
				CLANG_WARN_ENUM_CONVERSION = YES;
				CLANG_WARN_INFINITE_RECURSION = YES;
				CLANG_WARN_INT_CONVERSION = YES;
				CLANG_WARN_NON_LITERAL_NULL_CONVERSION = YES;
				CLANG_WARN_OBJC_IMPLICIT_RETAIN_SELF = YES;
				CLANG_WARN_OBJC_LITERAL_CONVERSION = YES;
				CLANG_WARN_OBJC_ROOT_CLASS = YES_ERROR;
				CLANG_WARN_QUOTED_INCLUDE_IN_FRAMEWORK_HEADER = YES;
				CLANG_WARN_RANGE_LOOP_ANALYSIS = YES;
				CLANG_WARN_STRICT_PROTOTYPES = YES;
				CLANG_WARN_SUSPICIOUS_MOVE = YES;
				CLANG_WARN_UNGUARDED_AVAILABILITY = YES_AGGRESSIVE;
				CLANG_WARN_UNREACHABLE_CODE = YES;
				CLANG_WARN__DUPLICATE_METHOD_MATCH = YES;
				COPY_PHASE_STRIP = NO;
				DEBUG_INFORMATION_FORMAT = "dwarf-with-dsym";
				ENABLE_NS_ASSERTIONS = NO;
				ENABLE_STRICT_OBJC_MSGSEND = YES;
				GCC_C_LANGUAGE_STANDARD = gnu11;
				GCC_NO_COMMON_BLOCKS = YES;
				GCC_WARN_64_TO_32_BIT_CONVERSION = YES;
				GCC_WARN_ABOUT_RETURN_TYPE = YES_ERROR;
				GCC_WARN_UNDECLARED_SELECTOR = YES;
				GCC_WARN_UNINITIALIZED_AUTOS = YES_AGGRESSIVE;
				GCC_WARN_UNUSED_FUNCTION = YES;
				GCC_WARN_UNUSED_VARIABLE = YES;
				IPHONEOS_DEPLOYMENT_TARGET = 14.4;
				MTL_ENABLE_DEBUG_INFO = NO;
				MTL_FAST_MATH = YES;
				SDKROOT = iphoneos;
				SWIFT_COMPILATION_MODE = wholemodule;
				SWIFT_OPTIMIZATION_LEVEL = "-O";
				VALIDATE_PRODUCT = YES;
			};
			name = Release;
		};
		79F01EE725EFF693006139A9 /* Debug */ = {
			isa = XCBuildConfiguration;
			baseConfigurationReference = 37895C55E1CDCCBB4BDF5C41 /* Pods-DailyNews.debug.xcconfig */;
			buildSettings = {
				ASSETCATALOG_COMPILER_APPICON_NAME = AppIcon;
				ASSETCATALOG_COMPILER_GLOBAL_ACCENT_COLOR_NAME = AccentColor;
				CODE_SIGN_STYLE = Automatic;
				DEVELOPMENT_ASSET_PATHS = "\"DailyNews/Preview Content\"";
				DEVELOPMENT_TEAM = 6K5MM965KY;
				ENABLE_PREVIEWS = YES;
				INFOPLIST_FILE = DailyNews/Info.plist;
				LD_RUNPATH_SEARCH_PATHS = (
					"$(inherited)",
					"@executable_path/Frameworks",
				);
				PRODUCT_BUNDLE_IDENTIFIER = id.applenizar.DailyNews;
				PRODUCT_NAME = "$(TARGET_NAME)";
				SWIFT_VERSION = 5.0;
				TARGETED_DEVICE_FAMILY = "1,2";
			};
			name = Debug;
		};
		79F01EE825EFF693006139A9 /* Release */ = {
			isa = XCBuildConfiguration;
			baseConfigurationReference = 090C6C068D14C7B6CF56F681 /* Pods-DailyNews.release.xcconfig */;
			buildSettings = {
				ASSETCATALOG_COMPILER_APPICON_NAME = AppIcon;
				ASSETCATALOG_COMPILER_GLOBAL_ACCENT_COLOR_NAME = AccentColor;
				CODE_SIGN_STYLE = Automatic;
				DEVELOPMENT_ASSET_PATHS = "\"DailyNews/Preview Content\"";
				DEVELOPMENT_TEAM = 6K5MM965KY;
				ENABLE_PREVIEWS = YES;
				INFOPLIST_FILE = DailyNews/Info.plist;
				LD_RUNPATH_SEARCH_PATHS = (
					"$(inherited)",
					"@executable_path/Frameworks",
				);
				PRODUCT_BUNDLE_IDENTIFIER = id.applenizar.DailyNews;
				PRODUCT_NAME = "$(TARGET_NAME)";
				SWIFT_VERSION = 5.0;
				TARGETED_DEVICE_FAMILY = "1,2";
			};
			name = Release;
		};
/* End XCBuildConfiguration section */

/* Begin XCConfigurationList section */
		79F01ECD25EFF692006139A9 /* Build configuration list for PBXProject "DailyNews" */ = {
			isa = XCConfigurationList;
			buildConfigurations = (
				79F01EE425EFF693006139A9 /* Debug */,
				79F01EE525EFF693006139A9 /* Release */,
			);
			defaultConfigurationIsVisible = 0;
			defaultConfigurationName = Release;
		};
		79F01EE625EFF693006139A9 /* Build configuration list for PBXNativeTarget "DailyNews" */ = {
			isa = XCConfigurationList;
			buildConfigurations = (
				79F01EE725EFF693006139A9 /* Debug */,
				79F01EE825EFF693006139A9 /* Release */,
			);
			defaultConfigurationIsVisible = 0;
			defaultConfigurationName = Release;
		};
/* End XCConfigurationList section */
	};
	rootObject = 79F01ECA25EFF692006139A9 /* Project object */;
}
